
Microsoft Visual Studio Solution File, Format Version 12.00
# Visual Studio Version 17
VisualStudioVersion = 17.11.35222.181
MinimumVisualStudioVersion = 10.0.40219.1
Project("{FAE04EC0-301F-11D3-BF4B-00C04F79EFBC}") = "UserAPP", "UserAPP\UserAPP.csproj", "{19CE010B-DF42-4FE7-AD09-E7ACA64CD32E}"
EndProject
Global
	GlobalSection(SolutionConfigurationPlatforms) = preSolution
		Debug|Any CPU = Debug|Any CPU
		Release|Any CPU = Release|Any CPU
	EndGlobalSection
	GlobalSection(ProjectConfigurationPlatforms) = postSolution
		{19CE010B-DF42-4FE7-AD09-E7ACA64CD32E}.Debug|Any CPU.ActiveCfg = Debug|Any CPU
		{19CE010B-DF42-4FE7-AD09-E7ACA64CD32E}.Debug|Any CPU.Build.0 = Debug|Any CPU
		{19CE010B-DF42-4FE7-AD09-E7ACA64CD32E}.Release|Any CPU.ActiveCfg = Release|Any CPU
		{19CE010B-DF42-4FE7-AD09-E7ACA64CD32E}.Release|Any CPU.Build.0 = Release|Any CPU
	EndGlobalSection
	GlobalSection(SolutionProperties) = preSolution
		HideSolutionNode = FALSE
	EndGlobalSection
	GlobalSection(ExtensibilityGlobals) = postSolution
		SolutionGuid = {C27B0E74-2FAF-43EA-A639-F12A33148C6F}
	EndGlobalSection
EndGlobal
